// !$*UTF8*$!
{
	archiveVersion = 1;
	classes = {
	};
	objectVersion = 50;
	objects = {

/* Begin PBXBuildFile section */
		7AA4DACB216D9C5B0001696A /* AppDelegate.m in Sources */ = {isa = PBXBuildFile; fileRef = 7AA4DACA216D9C5B0001696A /* AppDelegate.m */; };
		7AA4DACE216D9C5B0001696A /* ViewController.m in Sources */ = {isa = PBXBuildFile; fileRef = 7AA4DACD216D9C5B0001696A /* ViewController.m */; };
		7AA4DAD1216D9C5B0001696A /* Main.storyboard in Resources */ = {isa = PBXBuildFile; fileRef = 7AA4DACF216D9C5B0001696A /* Main.storyboard */; };
		7AA4DAD3216D9C5D0001696A /* Assets.xcassets in Resources */ = {isa = PBXBuildFile; fileRef = 7AA4DAD2216D9C5D0001696A /* Assets.xcassets */; };
		7AA4DAD6216D9C5D0001696A /* LaunchScreen.storyboard in Resources */ = {isa = PBXBuildFile; fileRef = 7AA4DAD4216D9C5D0001696A /* LaunchScreen.storyboard */; };
		7AA4DAD9216D9C5E0001696A /* main.m in Sources */ = {isa = PBXBuildFile; fileRef = 7AA4DAD8216D9C5E0001696A /* main.m */; };
		7AA4DAE3216D9C5E0001696A /* HQSortButtonDemoTests.m in Sources */ = {isa = PBXBuildFile; fileRef = 7AA4DAE2216D9C5E0001696A /* HQSortButtonDemoTests.m */; };
		7AA4DAEE216D9C5E0001696A /* HQSortButtonDemoUITests.m in Sources */ = {isa = PBXBuildFile; fileRef = 7AA4DAED216D9C5E0001696A /* HQSortButtonDemoUITests.m */; };
		7AA4DAFD216D9CA40001696A /* HQSortButton.m in Sources */ = {isa = PBXBuildFile; fileRef = 7AA4DAFC216D9CA40001696A /* HQSortButton.m */; };
		7AA4DB00216D9CBE0001696A /* HQSortViewController.m in Sources */ = {isa = PBXBuildFile; fileRef = 7AA4DAFF216D9CBE0001696A /* HQSortViewController.m */; };
		7AA4DB04216D9F7F0001696A /* sortBtn.gif in Resources */ = {isa = PBXBuildFile; fileRef = 7AA4DB03216D9F7E0001696A /* sortBtn.gif */; };
		E7AC7E06E03B110C4138F725 /* libPods-HQSortButtonDemo.a in Frameworks */ = {isa = PBXBuildFile; fileRef = 0BDBD2DBF6A95746386DB605 /* libPods-HQSortButtonDemo.a */; };
/* End PBXBuildFile section */

/* Begin PBXContainerItemProxy section */
		7AA4DADF216D9C5E0001696A /* PBXContainerItemProxy */ = {
			isa = PBXContainerItemProxy;
			containerPortal = 7AA4DABE216D9C5B0001696A /* Project object */;
			proxyType = 1;
			remoteGlobalIDString = 7AA4DAC5216D9C5B0001696A;
			remoteInfo = HQSortButtonDemo;
		};
		7AA4DAEA216D9C5E0001696A /* PBXContainerItemProxy */ = {
			isa = PBXContainerItemProxy;
			containerPortal = 7AA4DABE216D9C5B0001696A /* Project object */;
			proxyType = 1;
			remoteGlobalIDString = 7AA4DAC5216D9C5B0001696A;
			remoteInfo = HQSortButtonDemo;
		};
/* End PBXContainerItemProxy section */

/* Begin PBXFileReference section */
		0BDBD2DBF6A95746386DB605 /* libPods-HQSortButtonDemo.a */ = {isa = PBXFileReference; explicitFileType = archive.ar; includeInIndex = 0; path = "libPods-HQSortButtonDemo.a"; sourceTree = BUILT_PRODUCTS_DIR; };
		12FB20D5C54E15598A74EABD /* Pods-HQSortButtonDemo.release.xcconfig */ = {isa = PBXFileReference; includeInIndex = 1; lastKnownFileType = text.xcconfig; name = "Pods-HQSortButtonDemo.release.xcconfig"; path = "Pods/Target Support Files/Pods-HQSortButtonDemo/Pods-HQSortButtonDemo.release.xcconfig"; sourceTree = "<group>"; };
		7AA4DAC6216D9C5B0001696A /* HQSortButtonDemo.app */ = {isa = PBXFileReference; explicitFileType = wrapper.application; includeInIndex = 0; path = HQSortButtonDemo.app; sourceTree = BUILT_PRODUCTS_DIR; };
		7AA4DAC9216D9C5B0001696A /* AppDelegate.h */ = {isa = PBXFileReference; lastKnownFileType = sourcecode.c.h; path = AppDelegate.h; sourceTree = "<group>"; };
		7AA4DACA216D9C5B0001696A /* AppDelegate.m */ = {isa = PBXFileReference; lastKnownFileType = sourcecode.c.objc; path = AppDelegate.m; sourceTree = "<group>"; };
		7AA4DACC216D9C5B0001696A /* ViewController.h */ = {isa = PBXFileReference; lastKnownFileType = sourcecode.c.h; path = ViewController.h; sourceTree = "<group>"; };
		7AA4DACD216D9C5B0001696A /* ViewController.m */ = {isa = PBXFileReference; lastKnownFileType = sourcecode.c.objc; path = ViewController.m; sourceTree = "<group>"; };
		7AA4DAD0216D9C5B0001696A /* Base */ = {isa = PBXFileReference; lastKnownFileType = file.storyboard; name = Base; path = Base.lproj/Main.storyboard; sourceTree = "<group>"; };
		7AA4DAD2216D9C5D0001696A /* Assets.xcassets */ = {isa = PBXFileReference; lastKnownFileType = folder.assetcatalog; path = Assets.xcassets; sourceTree = "<group>"; };
		7AA4DAD5216D9C5D0001696A /* Base */ = {isa = PBXFileReference; lastKnownFileType = file.storyboard; name = Base; path = Base.lproj/LaunchScreen.storyboard; sourceTree = "<group>"; };
		7AA4DAD7216D9C5E0001696A /* Info.plist */ = {isa = PBXFileReference; lastKnownFileType = text.plist.xml; path = Info.plist; sourceTree = "<group>"; };
		7AA4DAD8216D9C5E0001696A /* main.m */ = {isa = PBXFileReference; lastKnownFileType = sourcecode.c.objc; path = main.m; sourceTree = "<group>"; };
		7AA4DADE216D9C5E0001696A /* HQSortButtonDemoTests.xctest */ = {isa = PBXFileReference; explicitFileType = wrapper.cfbundle; includeInIndex = 0; path = HQSortButtonDemoTests.xctest; sourceTree = BUILT_PRODUCTS_DIR; };
		7AA4DAE2216D9C5E0001696A /* HQSortButtonDemoTests.m */ = {isa = PBXFileReference; lastKnownFileType = sourcecode.c.objc; path = HQSortButtonDemoTests.m; sourceTree = "<group>"; };
		7AA4DAE4216D9C5E0001696A /* Info.plist */ = {isa = PBXFileReference; lastKnownFileType = text.plist.xml; path = Info.plist; sourceTree = "<group>"; };
		7AA4DAE9216D9C5E0001696A /* HQSortButtonDemoUITests.xctest */ = {isa = PBXFileReference; explicitFileType = wrapper.cfbundle; includeInIndex = 0; path = HQSortButtonDemoUITests.xctest; sourceTree = BUILT_PRODUCTS_DIR; };
		7AA4DAED216D9C5E0001696A /* HQSortButtonDemoUITests.m */ = {isa = PBXFileReference; lastKnownFileType = sourcecode.c.objc; path = HQSortButtonDemoUITests.m; sourceTree = "<group>"; };
		7AA4DAEF216D9C5E0001696A /* Info.plist */ = {isa = PBXFileReference; lastKnownFileType = text.plist.xml; path = Info.plist; sourceTree = "<group>"; };
		7AA4DAFB216D9CA40001696A /* HQSortButton.h */ = {isa = PBXFileReference; lastKnownFileType = sourcecode.c.h; path = HQSortButton.h; sourceTree = "<group>"; };
		7AA4DAFC216D9CA40001696A /* HQSortButton.m */ = {isa = PBXFileReference; lastKnownFileType = sourcecode.c.objc; path = HQSortButton.m; sourceTree = "<group>"; };
		7AA4DAFE216D9CBE0001696A /* HQSortViewController.h */ = {isa = PBXFileReference; lastKnownFileType = sourcecode.c.h; path = HQSortViewController.h; sourceTree = "<group>"; };
		7AA4DAFF216D9CBE0001696A /* HQSortViewController.m */ = {isa = PBXFileReference; lastKnownFileType = sourcecode.c.objc; path = HQSortViewController.m; sourceTree = "<group>"; };
		7AA4DB03216D9F7E0001696A /* sortBtn.gif */ = {isa = PBXFileReference; lastKnownFileType = image.gif; path = sortBtn.gif; sourceTree = "<group>"; };
		D907BD3B49269B40077B0F53 /* Pods-HQSortButtonDemo.debug.xcconfig */ = {isa = PBXFileReference; includeInIndex = 1; lastKnownFileType = text.xcconfig; name = "Pods-HQSortButtonDemo.debug.xcconfig"; path = "Pods/Target Support Files/Pods-HQSortButtonDemo/Pods-HQSortButtonDemo.debug.xcconfig"; sourceTree = "<group>"; };
/* End PBXFileReference section */

/* Begin PBXFrameworksBuildPhase section */
		7AA4DAC3216D9C5B0001696A /* Frameworks */ = {
			isa = PBXFrameworksBuildPhase;
			buildActionMask = 2147483647;
			files = (
				E7AC7E06E03B110C4138F725 /* libPods-HQSortButtonDemo.a in Frameworks */,
			);
			runOnlyForDeploymentPostprocessing = 0;
		};
		7AA4DADB216D9C5E0001696A /* Frameworks */ = {
			isa = PBXFrameworksBuildPhase;
			buildActionMask = 2147483647;
			files = (
			);
			runOnlyForDeploymentPostprocessing = 0;
		};
		7AA4DAE6216D9C5E0001696A /* Frameworks */ = {
			isa = PBXFrameworksBuildPhase;
			buildActionMask = 2147483647;
			files = (
			);
			runOnlyForDeploymentPostprocessing = 0;
		};
/* End PBXFrameworksBuildPhase section */

/* Begin PBXGroup section */
		0CE5F8B47902182204B928A9 /* Frameworks */ = {
			isa = PBXGroup;
			children = (
				0BDBD2DBF6A95746386DB605 /* libPods-HQSortButtonDemo.a */,
			);
			name = Frameworks;
			sourceTree = "<group>";
		};
		6A0BB28CD7378EF190B25DA2 /* Pods */ = {
			isa = PBXGroup;
			children = (
				D907BD3B49269B40077B0F53 /* Pods-HQSortButtonDemo.debug.xcconfig */,
				12FB20D5C54E15598A74EABD /* Pods-HQSortButtonDemo.release.xcconfig */,
			);
			name = Pods;
			sourceTree = "<group>";
		};
		7AA4DABD216D9C5B0001696A = {
			isa = PBXGroup;
			children = (
				7AA4DAC8216D9C5B0001696A /* HQSortButtonDemo */,
				7AA4DAE1216D9C5E0001696A /* HQSortButtonDemoTests */,
				7AA4DAEC216D9C5E0001696A /* HQSortButtonDemoUITests */,
				7AA4DAC7216D9C5B0001696A /* Products */,
				6A0BB28CD7378EF190B25DA2 /* Pods */,
				0CE5F8B47902182204B928A9 /* Frameworks */,
			);
			sourceTree = "<group>";
		};
		7AA4DAC7216D9C5B0001696A /* Products */ = {
			isa = PBXGroup;
			children = (
				7AA4DAC6216D9C5B0001696A /* HQSortButtonDemo.app */,
				7AA4DADE216D9C5E0001696A /* HQSortButtonDemoTests.xctest */,
				7AA4DAE9216D9C5E0001696A /* HQSortButtonDemoUITests.xctest */,
			);
			name = Products;
			sourceTree = "<group>";
		};
		7AA4DAC8216D9C5B0001696A /* HQSortButtonDemo */ = {
			isa = PBXGroup;
			children = (
				7AA4DAFB216D9CA40001696A /* HQSortButton.h */,
				7AA4DAFC216D9CA40001696A /* HQSortButton.m */,
				7AA4DAFE216D9CBE0001696A /* HQSortViewController.h */,
				7AA4DAFF216D9CBE0001696A /* HQSortViewController.m */,
				7AA4DAC9216D9C5B0001696A /* AppDelegate.h */,
				7AA4DACA216D9C5B0001696A /* AppDelegate.m */,
				7AA4DACC216D9C5B0001696A /* ViewController.h */,
				7AA4DACD216D9C5B0001696A /* ViewController.m */,
				7AA4DB03216D9F7E0001696A /* sortBtn.gif */,
				7AA4DACF216D9C5B0001696A /* Main.storyboard */,
				7AA4DAD2216D9C5D0001696A /* Assets.xcassets */,
				7AA4DAD4216D9C5D0001696A /* LaunchScreen.storyboard */,
				7AA4DAD7216D9C5E0001696A /* Info.plist */,
				7AA4DAD8216D9C5E0001696A /* main.m */,
			);
			path = HQSortButtonDemo;
			sourceTree = "<group>";
		};
		7AA4DAE1216D9C5E0001696A /* HQSortButtonDemoTests */ = {
			isa = PBXGroup;
			children = (
				7AA4DAE2216D9C5E0001696A /* HQSortButtonDemoTests.m */,
				7AA4DAE4216D9C5E0001696A /* Info.plist */,
			);
			path = HQSortButtonDemoTests;
			sourceTree = "<group>";
		};
		7AA4DAEC216D9C5E0001696A /* HQSortButtonDemoUITests */ = {
			isa = PBXGroup;
			children = (
				7AA4DAED216D9C5E0001696A /* HQSortButtonDemoUITests.m */,
				7AA4DAEF216D9C5E0001696A /* Info.plist */,
			);
			path = HQSortButtonDemoUITests;
			sourceTree = "<group>";
		};
/* End PBXGroup section */

/* Begin PBXNativeTarget section */
		7AA4DAC5216D9C5B0001696A /* HQSortButtonDemo */ = {
			isa = PBXNativeTarget;
			buildConfigurationList = 7AA4DAF2216D9C5E0001696A /* Build configuration list for PBXNativeTarget "HQSortButtonDemo" */;
			buildPhases = (
				F51CEB92489852410564009C /* [CP] Check Pods Manifest.lock */,
				7AA4DAC2216D9C5B0001696A /* Sources */,
				7AA4DAC3216D9C5B0001696A /* Frameworks */,
				7AA4DAC4216D9C5B0001696A /* Resources */,
			);
			buildRules = (
			);
			dependencies = (
			);
			name = HQSortButtonDemo;
			productName = HQSortButtonDemo;
			productReference = 7AA4DAC6216D9C5B0001696A /* HQSortButtonDemo.app */;
			productType = "com.apple.product-type.application";
		};
		7AA4DADD216D9C5E0001696A /* HQSortButtonDemoTests */ = {
			isa = PBXNativeTarget;
			buildConfigurationList = 7AA4DAF5216D9C5E0001696A /* Build configuration list for PBXNativeTarget "HQSortButtonDemoTests" */;
			buildPhases = (
				7AA4DADA216D9C5E0001696A /* Sources */,
				7AA4DADB216D9C5E0001696A /* Frameworks */,
				7AA4DADC216D9C5E0001696A /* Resources */,
			);
			buildRules = (
			);
			dependencies = (
				7AA4DAE0216D9C5E0001696A /* PBXTargetDependency */,
			);
			name = HQSortButtonDemoTests;
			productName = HQSortButtonDemoTests;
			productReference = 7AA4DADE216D9C5E0001696A /* HQSortButtonDemoTests.xctest */;
			productType = "com.apple.product-type.bundle.unit-test";
		};
		7AA4DAE8216D9C5E0001696A /* HQSortButtonDemoUITests */ = {
			isa = PBXNativeTarget;
			buildConfigurationList = 7AA4DAF8216D9C5E0001696A /* Build configuration list for PBXNativeTarget "HQSortButtonDemoUITests" */;
			buildPhases = (
				7AA4DAE5216D9C5E0001696A /* Sources */,
				7AA4DAE6216D9C5E0001696A /* Frameworks */,
				7AA4DAE7216D9C5E0001696A /* Resources */,
			);
			buildRules = (
			);
			dependencies = (
				7AA4DAEB216D9C5E0001696A /* PBXTargetDependency */,
			);
			name = HQSortButtonDemoUITests;
			productName = HQSortButtonDemoUITests;
			productReference = 7AA4DAE9216D9C5E0001696A /* HQSortButtonDemoUITests.xctest */;
			productType = "com.apple.product-type.bundle.ui-testing";
		};
/* End PBXNativeTarget section */

/* Begin PBXProject section */
		7AA4DABE216D9C5B0001696A /* Project object */ = {
			isa = PBXProject;
			attributes = {
				LastUpgradeCheck = 1000;
				ORGANIZATIONNAME = "君凯商联网";
				TargetAttributes = {
					7AA4DAC5216D9C5B0001696A = {
						CreatedOnToolsVersion = 10.0;
					};
					7AA4DADD216D9C5E0001696A = {
						CreatedOnToolsVersion = 10.0;
						TestTargetID = 7AA4DAC5216D9C5B0001696A;
					};
					7AA4DAE8216D9C5E0001696A = {
						CreatedOnToolsVersion = 10.0;
						TestTargetID = 7AA4DAC5216D9C5B0001696A;
					};
				};
			};
			buildConfigurationList = 7AA4DAC1216D9C5B0001696A /* Build configuration list for PBXProject "HQSortButtonDemo" */;
			compatibilityVersion = "Xcode 9.3";
			developmentRegion = en;
			hasScannedForEncodings = 0;
			knownRegions = (
				en,
				Base,
			);
			mainGroup = 7AA4DABD216D9C5B0001696A;
			productRefGroup = 7AA4DAC7216D9C5B0001696A /* Products */;
			projectDirPath = "";
			projectRoot = "";
			targets = (
				7AA4DAC5216D9C5B0001696A /* HQSortButtonDemo */,
				7AA4DADD216D9C5E0001696A /* HQSortButtonDemoTests */,
				7AA4DAE8216D9C5E0001696A /* HQSortButtonDemoUITests */,
			);
		};
/* End PBXProject section */

/* Begin PBXResourcesBuildPhase section */
		7AA4DAC4216D9C5B0001696A /* Resources */ = {
			isa = PBXResourcesBuildPhase;
			buildActionMask = 2147483647;
			files = (
				7AA4DAD6216D9C5D0001696A /* LaunchScreen.storyboard in Resources */,
				7AA4DAD3216D9C5D0001696A /* Assets.xcassets in Resources */,
				7AA4DAD1216D9C5B0001696A /* Main.storyboard in Resources */,
				7AA4DB04216D9F7F0001696A /* sortBtn.gif in Resources */,
			);
			runOnlyForDeploymentPostprocessing = 0;
		};
		7AA4DADC216D9C5E0001696A /* Resources */ = {
			isa = PBXResourcesBuildPhase;
			buildActionMask = 2147483647;
			files = (
			);
			runOnlyForDeploymentPostprocessing = 0;
		};
		7AA4DAE7216D9C5E0001696A /* Resources */ = {
			isa = PBXResourcesBuildPhase;
			buildActionMask = 2147483647;
			files = (
			);
			runOnlyForDeploymentPostprocessing = 0;
		};
/* End PBXResourcesBuildPhase section */

/* Begin PBXShellScriptBuildPhase section */
		F51CEB92489852410564009C /* [CP] Check Pods Manifest.lock */ = {
			isa = PBXShellScriptBuildPhase;
			buildActionMask = 2147483647;
			files = (
			);
			inputPaths = (
				"${PODS_PODFILE_DIR_PATH}/Podfile.lock",
				"${PODS_ROOT}/Manifest.lock",
			);
			name = "[CP] Check Pods Manifest.lock";
			outputPaths = (
				"$(DERIVED_FILE_DIR)/Pods-HQSortButtonDemo-checkManifestLockResult.txt",
			);
			runOnlyForDeploymentPostprocessing = 0;
			shellPath = /bin/sh;
			shellScript = "diff \"${PODS_PODFILE_DIR_PATH}/Podfile.lock\" \"${PODS_ROOT}/Manifest.lock\" > /dev/null\nif [ $? != 0 ] ; then\n    # print error to STDERR\n    echo \"error: The sandbox is not in sync with the Podfile.lock. Run 'pod install' or update your CocoaPods installation.\" >&2\n    exit 1\nfi\n# This output is used by Xcode 'outputs' to avoid re-running this script phase.\necho \"SUCCESS\" > \"${SCRIPT_OUTPUT_FILE_0}\"\n";
			showEnvVarsInLog = 0;
		};
/* End PBXShellScriptBuildPhase section */

/* Begin PBXSourcesBuildPhase section */
		7AA4DAC2216D9C5B0001696A /* Sources */ = {
			isa = PBXSourcesBuildPhase;
			buildActionMask = 2147483647;
			files = (
				7AA4DACE216D9C5B0001696A /* ViewController.m in Sources */,
				7AA4DAD9216D9C5E0001696A /* main.m in Sources */,
				7AA4DAFD216D9CA40001696A /* HQSortButton.m in Sources */,
				7AA4DACB216D9C5B0001696A /* AppDelegate.m in Sources */,
				7AA4DB00216D9CBE0001696A /* HQSortViewController.m in Sources */,
			);
			runOnlyForDeploymentPostprocessing = 0;
		};
		7AA4DADA216D9C5E0001696A /* Sources */ = {
			isa = PBXSourcesBuildPhase;
			buildActionMask = 2147483647;
			files = (
				7AA4DAE3216D9C5E0001696A /* HQSortButtonDemoTests.m in Sources */,
			);
			runOnlyForDeploymentPostprocessing = 0;
		};
		7AA4DAE5216D9C5E0001696A /* Sources */ = {
			isa = PBXSourcesBuildPhase;
			buildActionMask = 2147483647;
			files = (
				7AA4DAEE216D9C5E0001696A /* HQSortButtonDemoUITests.m in Sources */,
			);
			runOnlyForDeploymentPostprocessing = 0;
		};
/* End PBXSourcesBuildPhase section */

/* Begin PBXTargetDependency section */
		7AA4DAE0216D9C5E0001696A /* PBXTargetDependency */ = {
			isa = PBXTargetDependency;
			target = 7AA4DAC5216D9C5B0001696A /* HQSortButtonDemo */;
			targetProxy = 7AA4DADF216D9C5E0001696A /* PBXContainerItemProxy */;
		};
		7AA4DAEB216D9C5E0001696A /* PBXTargetDependency */ = {
			isa = PBXTargetDependency;
			target = 7AA4DAC5216D9C5B0001696A /* HQSortButtonDemo */;
			targetProxy = 7AA4DAEA216D9C5E0001696A /* PBXContainerItemProxy */;
		};
/* End PBXTargetDependency section */

/* Begin PBXVariantGroup section */
		7AA4DACF216D9C5B0001696A /* Main.storyboard */ = {
			isa = PBXVariantGroup;
			children = (
				7AA4DAD0216D9C5B0001696A /* Base */,
			);
			name = Main.storyboard;
			sourceTree = "<group>";
		};
		7AA4DAD4216D9C5D0001696A /* LaunchScreen.storyboard */ = {
			isa = PBXVariantGroup;
			children = (
				7AA4DAD5216D9C5D0001696A /* Base */,
			);
			name = LaunchScreen.storyboard;
			sourceTree = "<group>";
		};
/* End PBXVariantGroup section */

/* Begin XCBuildConfiguration section */
		7AA4DAF0216D9C5E0001696A /* Debug */ = {
			isa = XCBuildConfiguration;
			buildSettings = {
				ALWAYS_SEARCH_USER_PATHS = NO;
				CLANG_ANALYZER_NONNULL = YES;
				CLANG_ANALYZER_NUMBER_OBJECT_CONVERSION = YES_AGGRESSIVE;
				CLANG_CXX_LANGUAGE_STANDARD = "gnu++14";
				CLANG_CXX_LIBRARY = "libc++";
				CLANG_ENABLE_MODULES = YES;
				CLANG_ENABLE_OBJC_ARC = YES;
				CLANG_ENABLE_OBJC_WEAK = YES;
				CLANG_WARN_BLOCK_CAPTURE_AUTORELEASING = YES;
				CLANG_WARN_BOOL_CONVERSION = YES;
				CLANG_WARN_COMMA = YES;
				CLANG_WARN_CONSTANT_CONVERSION = YES;
				CLANG_WARN_DEPRECATED_OBJC_IMPLEMENTATIONS = YES;
				CLANG_WARN_DIRECT_OBJC_ISA_USAGE = YES_ERROR;
				CLANG_WARN_DOCUMENTATION_COMMENTS = YES;
				CLANG_WARN_EMPTY_BODY = YES;
				CLANG_WARN_ENUM_CONVERSION = YES;
				CLANG_WARN_INFINITE_RECURSION = YES;
				CLANG_WARN_INT_CONVERSION = YES;
				CLANG_WARN_NON_LITERAL_NULL_CONVERSION = YES;
				CLANG_WARN_OBJC_IMPLICIT_RETAIN_SELF = YES;
				CLANG_WARN_OBJC_LITERAL_CONVERSION = YES;
				CLANG_WARN_OBJC_ROOT_CLASS = YES_ERROR;
				CLANG_WARN_RANGE_LOOP_ANALYSIS = YES;
				CLANG_WARN_STRICT_PROTOTYPES = YES;
				CLANG_WARN_SUSPICIOUS_MOVE = YES;
				CLANG_WARN_UNGUARDED_AVAILABILITY = YES_AGGRESSIVE;
				CLANG_WARN_UNREACHABLE_CODE = YES;
				CLANG_WARN__DUPLICATE_METHOD_MATCH = YES;
				CODE_SIGN_IDENTITY = "iPhone Developer";
				COPY_PHASE_STRIP = NO;
				DEBUG_INFORMATION_FORMAT = dwarf;
				ENABLE_STRICT_OBJC_MSGSEND = YES;
				ENABLE_TESTABILITY = YES;
				GCC_C_LANGUAGE_STANDARD = gnu11;
				GCC_DYNAMIC_NO_PIC = NO;
				GCC_NO_COMMON_BLOCKS = YES;
				GCC_OPTIMIZATION_LEVEL = 0;
				GCC_PREPROCESSOR_DEFINITIONS = (
					"DEBUG=1",
					"$(inherited)",
				);
				GCC_WARN_64_TO_32_BIT_CONVERSION = YES;
				GCC_WARN_ABOUT_RETURN_TYPE = YES_ERROR;
				GCC_WARN_UNDECLARED_SELECTOR = YES;
				GCC_WARN_UNINITIALIZED_AUTOS = YES_AGGRESSIVE;
				GCC_WARN_UNUSED_FUNCTION = YES;
				GCC_WARN_UNUSED_VARIABLE = YES;
				IPHONEOS_DEPLOYMENT_TARGET = 12.0;
				MTL_ENABLE_DEBUG_INFO = INCLUDE_SOURCE;
				MTL_FAST_MATH = YES;
				ONLY_ACTIVE_ARCH = YES;
				SDKROOT = iphoneos;
			};
			name = Debug;
		};
		7AA4DAF1216D9C5E0001696A /* Release */ = {
			isa = XCBuildConfiguration;
			buildSettings = {
				ALWAYS_SEARCH_USER_PATHS = NO;
				CLANG_ANALYZER_NONNULL = YES;
				CLANG_ANALYZER_NUMBER_OBJECT_CONVERSION = YES_AGGRESSIVE;
				CLANG_CXX_LANGUAGE_STANDARD = "gnu++14";
				CLANG_CXX_LIBRARY = "libc++";
				CLANG_ENABLE_MODULES = YES;
				CLANG_ENABLE_OBJC_ARC = YES;
				CLANG_ENABLE_OBJC_WEAK = YES;
				CLANG_WARN_BLOCK_CAPTURE_AUTORELEASING = YES;
				CLANG_WARN_BOOL_CONVERSION = YES;
				CLANG_WARN_COMMA = YES;
				CLANG_WARN_CONSTANT_CONVERSION = YES;
				CLANG_WARN_DEPRECATED_OBJC_IMPLEMENTATIONS = YES;
				CLANG_WARN_DIRECT_OBJC_ISA_USAGE = YES_ERROR;
				CLANG_WARN_DOCUMENTATION_COMMENTS = YES;
				CLANG_WARN_EMPTY_BODY = YES;
				CLANG_WARN_ENUM_CONVERSION = YES;
				CLANG_WARN_INFINITE_RECURSION = YES;
				CLANG_WARN_INT_CONVERSION = YES;
				CLANG_WARN_NON_LITERAL_NULL_CONVERSION = YES;
				CLANG_WARN_OBJC_IMPLICIT_RETAIN_SELF = YES;
				CLANG_WARN_OBJC_LITERAL_CONVERSION = YES;
				CLANG_WARN_OBJC_ROOT_CLASS = YES_ERROR;
				CLANG_WARN_RANGE_LOOP_ANALYSIS = YES;
				CLANG_WARN_STRICT_PROTOTYPES = YES;
				CLANG_WARN_SUSPICIOUS_MOVE = YES;
				CLANG_WARN_UNGUARDED_AVAILABILITY = YES_AGGRESSIVE;
				CLANG_WARN_UNREACHABLE_CODE = YES;
				CLANG_WARN__DUPLICATE_METHOD_MATCH = YES;
				CODE_SIGN_IDENTITY = "iPhone Developer";
				COPY_PHASE_STRIP = NO;
				DEBUG_INFORMATION_FORMAT = "dwarf-with-dsym";
				ENABLE_NS_ASSERTIONS = NO;
				ENABLE_STRICT_OBJC_MSGSEND = YES;
				GCC_C_LANGUAGE_STANDARD = gnu11;
				GCC_NO_COMMON_BLOCKS = YES;
				GCC_WARN_64_TO_32_BIT_CONVERSION = YES;
				GCC_WARN_ABOUT_RETURN_TYPE = YES_ERROR;
				GCC_WARN_UNDECLARED_SELECTOR = YES;
				GCC_WARN_UNINITIALIZED_AUTOS = YES_AGGRESSIVE;
				GCC_WARN_UNUSED_FUNCTION = YES;
				GCC_WARN_UNUSED_VARIABLE = YES;
				IPHONEOS_DEPLOYMENT_TARGET = 12.0;
				MTL_ENABLE_DEBUG_INFO = NO;
				MTL_FAST_MATH = YES;
				SDKROOT = iphoneos;
				VALIDATE_PRODUCT = YES;
			};
			name = Release;
		};
		7AA4DAF3216D9C5E0001696A /* Debug */ = {
			isa = XCBuildConfiguration;
			baseConfigurationReference = D907BD3B49269B40077B0F53 /* Pods-HQSortButtonDemo.debug.xcconfig */;
			buildSettings = {
				ASSETCATALOG_COMPILER_APPICON_NAME = AppIcon;
				CODE_SIGN_STYLE = Automatic;
				INFOPLIST_FILE = HQSortButtonDemo/Info.plist;
				LD_RUNPATH_SEARCH_PATHS = (
					"$(inherited)",
					"@executable_path/Frameworks",
				);
				PRODUCT_BUNDLE_IDENTIFIER = JunKai.HQSortButtonDemo;
				PRODUCT_NAME = "$(TARGET_NAME)";
				TARGETED_DEVICE_FAMILY = "1,2";
			};
			name = Debug;
		};
		7AA4DAF4216D9C5E0001696A /* Release */ = {
			isa = XCBuildConfiguration;
			baseConfigurationReference = 12FB20D5C54E15598A74EABD /* Pods-HQSortButtonDemo.release.xcconfig */;
			buildSettings = {
				ASSETCATALOG_COMPILER_APPICON_NAME = AppIcon;
				CODE_SIGN_STYLE = Automatic;
				INFOPLIST_FILE = HQSortButtonDemo/Info.plist;
				LD_RUNPATH_SEARCH_PATHS = (
					"$(inherited)",
					"@executable_path/Frameworks",
				);
				PRODUCT_BUNDLE_IDENTIFIER = JunKai.HQSortButtonDemo;
				PRODUCT_NAME = "$(TARGET_NAME)";
				TARGETED_DEVICE_FAMILY = "1,2";
			};
			name = Release;
		};
		7AA4DAF6216D9C5E0001696A /* Debug */ = {
			isa = XCBuildConfiguration;
			buildSettings = {
				BUNDLE_LOADER = "$(TEST_HOST)";
				CODE_SIGN_STYLE = Automatic;
				INFOPLIST_FILE = HQSortButtonDemoTests/Info.plist;
				LD_RUNPATH_SEARCH_PATHS = (
					"$(inherited)",
					"@executable_path/Frameworks",
					"@loader_path/Frameworks",
				);
				PRODUCT_BUNDLE_IDENTIFIER = JunKai.HQSortButtonDemoTests;
				PRODUCT_NAME = "$(TARGET_NAME)";
				TARGETED_DEVICE_FAMILY = "1,2";
				TEST_HOST = "$(BUILT_PRODUCTS_DIR)/HQSortButtonDemo.app/HQSortButtonDemo";
			};
			name = Debug;
		};
		7AA4DAF7216D9C5E0001696A /* Release */ = {
			isa = XCBuildConfiguration;
			buildSettings = {
				BUNDLE_LOADER = "$(TEST_HOST)";
				CODE_SIGN_STYLE = Automatic;
				INFOPLIST_FILE = HQSortButtonDemoTests/Info.plist;
				LD_RUNPATH_SEARCH_PATHS = (
					"$(inherited)",
					"@executable_path/Frameworks",
					"@loader_path/Frameworks",
				);
				PRODUCT_BUNDLE_IDENTIFIER = JunKai.HQSortButtonDemoTests;
				PRODUCT_NAME = "$(TARGET_NAME)";
				TARGETED_DEVICE_FAMILY = "1,2";
				TEST_HOST = "$(BUILT_PRODUCTS_DIR)/HQSortButtonDemo.app/HQSortButtonDemo";
			};
			name = Release;
		};
		7AA4DAF9216D9C5E0001696A /* Debug */ = {
			isa = XCBuildConfiguration;
			buildSettings = {
				CODE_SIGN_STYLE = Automatic;
				INFOPLIST_FILE = HQSortButtonDemoUITests/Info.plist;
				LD_RUNPATH_SEARCH_PATHS = (
					"$(inherited)",
					"@executable_path/Frameworks",
					"@loader_path/Frameworks",
				);
				PRODUCT_BUNDLE_IDENTIFIER = JunKai.HQSortButtonDemoUITests;
				PRODUCT_NAME = "$(TARGET_NAME)";
				TARGETED_DEVICE_FAMILY = "1,2";
				TEST_TARGET_NAME = HQSortButtonDemo;
			};
			name = Debug;
		};
		7AA4DAFA216D9C5E0001696A /* Release */ = {
			isa = XCBuildConfiguration;
			buildSettings = {
				CODE_SIGN_STYLE = Automatic;
				INFOPLIST_FILE = HQSortButtonDemoUITests/Info.plist;
				LD_RUNPATH_SEARCH_PATHS = (
					"$(inherited)",
					"@executable_path/Frameworks",
					"@loader_path/Frameworks",
				);
				PRODUCT_BUNDLE_IDENTIFIER = JunKai.HQSortButtonDemoUITests;
				PRODUCT_NAME = "$(TARGET_NAME)";
				TARGETED_DEVICE_FAMILY = "1,2";
				TEST_TARGET_NAME = HQSortButtonDemo;
			};
			name = Release;
		};
/* End XCBuildConfiguration section */

/* Begin XCConfigurationList section */
		7AA4DAC1216D9C5B0001696A /* Build configuration list for PBXProject "HQSortButtonDemo" */ = {
			isa = XCConfigurationList;
			buildConfigurations = (
				7AA4DAF0216D9C5E0001696A /* Debug */,
				7AA4DAF1216D9C5E0001696A /* Release */,
			);
			defaultConfigurationIsVisible = 0;
			defaultConfigurationName = Release;
		};
		7AA4DAF2216D9C5E0001696A /* Build configuration list for PBXNativeTarget "HQSortButtonDemo" */ = {
			isa = XCConfigurationList;
			buildConfigurations = (
				7AA4DAF3216D9C5E0001696A /* Debug */,
				7AA4DAF4216D9C5E0001696A /* Release */,
			);
			defaultConfigurationIsVisible = 0;
			defaultConfigurationName = Release;
		};
		7AA4DAF5216D9C5E0001696A /* Build configuration list for PBXNativeTarget "HQSortButtonDemoTests" */ = {
			isa = XCConfigurationList;
			buildConfigurations = (
				7AA4DAF6216D9C5E0001696A /* Debug */,
				7AA4DAF7216D9C5E0001696A /* Release */,
			);
			defaultConfigurationIsVisible = 0;
			defaultConfigurationName = Release;
		};
		7AA4DAF8216D9C5E0001696A /* Build configuration list for PBXNativeTarget "HQSortButtonDemoUITests" */ = {
			isa = XCConfigurationList;
			buildConfigurations = (
				7AA4DAF9216D9C5E0001696A /* Debug */,
				7AA4DAFA216D9C5E0001696A /* Release */,
			);
			defaultConfigurationIsVisible = 0;
			defaultConfigurationName = Release;
		};
/* End XCConfigurationList section */
	};
	rootObject = 7AA4DABE216D9C5B0001696A /* Project object */;
}
